
Microsoft Visual Studio Solution File, Format Version 12.00
# Visual Studio 2013
VisualStudioVersion = 12.0.40629.0
MinimumVisualStudioVersion = 10.0.40219.1
Project("{FAE04EC0-301F-11D3-BF4B-00C04F79EFBC}") = "Account", "Account\Account.csproj", "{A0E3D105-48DF-42A1-8CC4-2886A6F9A956}"
EndProject
Project("{FAE04EC0-301F-11D3-BF4B-00C04F79EFBC}") = "Book", "Book\Book.csproj", "{EA25E69E-B4DA-4F52-A275-A90B7CE7AF1E}"
EndProject
Project("{FAE04EC0-301F-11D3-BF4B-00C04F79EFBC}") = "Course", "Course\Course.csproj", "{D72753FD-3853-4EFB-AD28-8193997E19C5}"
EndProject
Project("{FAE04EC0-301F-11D3-BF4B-00C04F79EFBC}") = "Mobile", "Mobile\Mobile.csproj", "{2CB429DF-588B-409E-9187-0A618E2324A3}"
EndProject
Global
	GlobalSection(SolutionConfigurationPlatforms) = preSolution
		Debug|Any CPU = Debug|Any CPU
		Release|Any CPU = Release|Any CPU
	EndGlobalSection
	GlobalSection(ProjectConfigurationPlatforms) = postSolution
		{A0E3D105-48DF-42A1-8CC4-2886A6F9A956}.Debug|Any CPU.ActiveCfg = Debug|Any CPU
		{A0E3D105-48DF-42A1-8CC4-2886A6F9A956}.Debug|Any CPU.Build.0 = Debug|Any CPU
		{A0E3D105-48DF-42A1-8CC4-2886A6F9A956}.Release|Any CPU.ActiveCfg = Release|Any CPU
		{A0E3D105-48DF-42A1-8CC4-2886A6F9A956}.Release|Any CPU.Build.0 = Release|Any CPU
		{EA25E69E-B4DA-4F52-A275-A90B7CE7AF1E}.Debug|Any CPU.ActiveCfg = Debug|Any CPU
		{EA25E69E-B4DA-4F52-A275-A90B7CE7AF1E}.Debug|Any CPU.Build.0 = Debug|Any CPU
		{EA25E69E-B4DA-4F52-A275-A90B7CE7AF1E}.Release|Any CPU.ActiveCfg = Release|Any CPU
		{EA25E69E-B4DA-4F52-A275-A90B7CE7AF1E}.Release|Any CPU.Build.0 = Release|Any CPU
		{D72753FD-3853-4EFB-AD28-8193997E19C5}.Debug|Any CPU.ActiveCfg = Debug|Any CPU
		{D72753FD-3853-4EFB-AD28-8193997E19C5}.Debug|Any CPU.Build.0 = Debug|Any CPU
		{D72753FD-3853-4EFB-AD28-8193997E19C5}.Release|Any CPU.ActiveCfg = Release|Any CPU
		{D72753FD-3853-4EFB-AD28-8193997E19C5}.Release|Any CPU.Build.0 = Release|Any CPU
		{2CB429DF-588B-409E-9187-0A618E2324A3}.Debug|Any CPU.ActiveCfg = Debug|Any CPU
		{2CB429DF-588B-409E-9187-0A618E2324A3}.Debug|Any CPU.Build.0 = Debug|Any CPU
		{2CB429DF-588B-409E-9187-0A618E2324A3}.Release|Any CPU.ActiveCfg = Release|Any CPU
		{2CB429DF-588B-409E-9187-0A618E2324A3}.Release|Any CPU.Build.0 = Release|Any CPU
	EndGlobalSection
	GlobalSection(SolutionProperties) = preSolution
		HideSolutionNode = FALSE
	EndGlobalSection
EndGlobal
