
Microsoft Visual Studio Solution File, Format Version 12.00
# Visual Studio Version 16
VisualStudioVersion = 16.0.31424.327
MinimumVisualStudioVersion = 10.0.40219.1
Project("{FAE04EC0-301F-11D3-BF4B-00C04F79EFBC}") = "Market_Management", "Market_Management.csproj", "{C321B62D-575B-4F3A-826B-D7AB08938FB2}"
EndProject
Project("{FAE04EC0-301F-11D3-BF4B-00C04F79EFBC}") = "DataAccessLayer_Market", "..\DataAccessLayer_Market\DataAccessLayer_Market.csproj", "{48D0135F-5E14-4687-9C47-93BDF0DDD174}"
EndProject
Global
	GlobalSection(SolutionConfigurationPlatforms) = preSolution
		Debug|Any CPU = Debug|Any CPU
		Release|Any CPU = Release|Any CPU
	EndGlobalSection
	GlobalSection(ProjectConfigurationPlatforms) = postSolution
		{C321B62D-575B-4F3A-826B-D7AB08938FB2}.Debug|Any CPU.ActiveCfg = Debug|Any CPU
		{C321B62D-575B-4F3A-826B-D7AB08938FB2}.Debug|Any CPU.Build.0 = Debug|Any CPU
		{C321B62D-575B-4F3A-826B-D7AB08938FB2}.Release|Any CPU.ActiveCfg = Release|Any CPU
		{C321B62D-575B-4F3A-826B-D7AB08938FB2}.Release|Any CPU.Build.0 = Release|Any CPU
		{48D0135F-5E14-4687-9C47-93BDF0DDD174}.Debug|Any CPU.ActiveCfg = Debug|Any CPU
		{48D0135F-5E14-4687-9C47-93BDF0DDD174}.Debug|Any CPU.Build.0 = Debug|Any CPU
		{48D0135F-5E14-4687-9C47-93BDF0DDD174}.Release|Any CPU.ActiveCfg = Release|Any CPU
		{48D0135F-5E14-4687-9C47-93BDF0DDD174}.Release|Any CPU.Build.0 = Release|Any CPU
	EndGlobalSection
	GlobalSection(SolutionProperties) = preSolution
		HideSolutionNode = FALSE
	EndGlobalSection
	GlobalSection(ExtensibilityGlobals) = postSolution
		SolutionGuid = {CB3047BC-AB18-407B-BEDC-BEE894114BEA}
	EndGlobalSection
EndGlobal
